
Microsoft Visual Studio Solution File, Format Version 12.00
# Visual Studio 2017
Project("{FAE04EC0-301F-11D3-BF4B-00C04F79EFBC}") = "ASPNETMVCCoreTest", "ASPNETMVCCoreTest.csproj", "{2368F1BE-C0F1-488C-A3DC-EF3802C54734}"
EndProject
Global
	GlobalSection(SolutionConfigurationPlatforms) = preSolution
		Debug|Any CPU = Debug|Any CPU
		Release|Any CPU = Release|Any CPU
	EndGlobalSection
	GlobalSection(ProjectConfigurationPlatforms) = postSolution
		{2368F1BE-C0F1-488C-A3DC-EF3802C54734}.Debug|Any CPU.ActiveCfg = Debug|Any CPU
		{2368F1BE-C0F1-488C-A3DC-EF3802C54734}.Debug|Any CPU.Build.0 = Debug|Any CPU
		{2368F1BE-C0F1-488C-A3DC-EF3802C54734}.Release|Any CPU.ActiveCfg = Release|Any CPU
		{2368F1BE-C0F1-488C-A3DC-EF3802C54734}.Release|Any CPU.Build.0 = Release|Any CPU
	EndGlobalSection
EndGlobal
